// !$*UTF8*$!
{
	archiveVersion = 1;
	classes = {
	};
	objectVersion = 51;
	objects = {

/* Begin PBXBuildFile section */
		4805A37B22A2582000849EF5 /* カジノマット-02.png in Resources */ = {isa = PBXBuildFile; fileRef = 4805A37A22A2582000849EF5 /* カジノマット-02.png */; };
		4805A37E22A2582D00849EF5 /* カジノマット-03.png in Resources */ = {isa = PBXBuildFile; fileRef = 4805A37C22A2582D00849EF5 /* カジノマット-03.png */; };
		4805A37F22A2582D00849EF5 /* カジノマット_01.png in Resources */ = {isa = PBXBuildFile; fileRef = 4805A37D22A2582D00849EF5 /* カジノマット_01.png */; };
		4805A38122A3B35100849EF5 /* DisplayTips.swift in Sources */ = {isa = PBXBuildFile; fileRef = 4805A38022A3B35100849EF5 /* DisplayTips.swift */; };
		4805A38422A48B6C00849EF5 /* Tips-single.mp3 in Resources */ = {isa = PBXBuildFile; fileRef = 4805A38222A48B6B00849EF5 /* Tips-single.mp3 */; };
		4805A38522A48B6C00849EF5 /* Tips_many.mp3 in Resources */ = {isa = PBXBuildFile; fileRef = 4805A38322A48B6C00849EF5 /* Tips_many.mp3 */; };
		482F30D922A57E4E00090426 /* ThirdViewController.swift in Sources */ = {isa = PBXBuildFile; fileRef = 482F30D822A57E4E00090426 /* ThirdViewController.swift */; };
		482F30E122A7B05300090426 /* TipSlider.png in Resources */ = {isa = PBXBuildFile; fileRef = 482F30E022A7B05100090426 /* TipSlider.png */; };
		48387E0022DC348100EE393A /* KONIO PORKER CLUB.png in Resources */ = {isa = PBXBuildFile; fileRef = 48387DFF22DC348100EE393A /* KONIO PORKER CLUB.png */; };
		4857EC70229AC616001877D6 /* AppDelegate.swift in Sources */ = {isa = PBXBuildFile; fileRef = 4857EC6F229AC616001877D6 /* AppDelegate.swift */; };
		4857EC72229AC616001877D6 /* ViewController.swift in Sources */ = {isa = PBXBuildFile; fileRef = 4857EC71229AC616001877D6 /* ViewController.swift */; };
		4857EC75229AC616001877D6 /* Main.storyboard in Resources */ = {isa = PBXBuildFile; fileRef = 4857EC73229AC616001877D6 /* Main.storyboard */; };
		4857EC77229AC618001877D6 /* Assets.xcassets in Resources */ = {isa = PBXBuildFile; fileRef = 4857EC76229AC618001877D6 /* Assets.xcassets */; };
		4857EC7A229AC618001877D6 /* LaunchScreen.storyboard in Resources */ = {isa = PBXBuildFile; fileRef = 4857EC78229AC618001877D6 /* LaunchScreen.storyboard */; };
		4857EC84229AC651001877D6 /* Tips_$50.png in Resources */ = {isa = PBXBuildFile; fileRef = 4857EC81229AC650001877D6 /* Tips_$50.png */; };
		4857EC85229AC651001877D6 /* Tips_$25.png in Resources */ = {isa = PBXBuildFile; fileRef = 4857EC82229AC650001877D6 /* Tips_$25.png */; };
		4857EC86229AC651001877D6 /* Tips_$100.png in Resources */ = {isa = PBXBuildFile; fileRef = 4857EC83229AC650001877D6 /* Tips_$100.png */; };
		4883CD0622C7394F00F2DDA0 /* テーブルマット枠線-Yellow.png in Resources */ = {isa = PBXBuildFile; fileRef = 4883CD0322C7394E00F2DDA0 /* テーブルマット枠線-Yellow.png */; };
		4883CD0722C7394F00F2DDA0 /* テーブルマット枠線-White.png in Resources */ = {isa = PBXBuildFile; fileRef = 4883CD0422C7394F00F2DDA0 /* テーブルマット枠線-White.png */; };
		4883CD0822C7394F00F2DDA0 /* テーブルマット枠線-Red.png in Resources */ = {isa = PBXBuildFile; fileRef = 4883CD0522C7394F00F2DDA0 /* テーブルマット枠線-Red.png */; };
		48D8C88422ACA98B0056CAB8 /* EntranceViewController.swift in Sources */ = {isa = PBXBuildFile; fileRef = 48D8C88322ACA98B0056CAB8 /* EntranceViewController.swift */; };
		48D8C88622ACA9D10056CAB8 /* Database.swift in Sources */ = {isa = PBXBuildFile; fileRef = 48D8C88522ACA9D10056CAB8 /* Database.swift */; };
		48D8C88822ADD2000056CAB8 /* PlayerTableViewCell.swift in Sources */ = {isa = PBXBuildFile; fileRef = 48D8C88722ADD2000056CAB8 /* PlayerTableViewCell.swift */; };
		48DE1E1822ABCE06001FC4B8 /* カジノマット-04.png in Resources */ = {isa = PBXBuildFile; fileRef = 48DE1E1722ABCE06001FC4B8 /* カジノマット-04.png */; };
		48DE1E1A22ABD678001FC4B8 /* ThumbSlider.png in Resources */ = {isa = PBXBuildFile; fileRef = 48DE1E1922ABD678001FC4B8 /* ThumbSlider.png */; };
		48DE1E1E22ABD95B001FC4B8 /* FourthViewController.swift in Sources */ = {isa = PBXBuildFile; fileRef = 48DE1E1D22ABD95B001FC4B8 /* FourthViewController.swift */; };
		48FB965E229E13AF007F19EB /* secoundViewController.swift in Sources */ = {isa = PBXBuildFile; fileRef = 48FB965D229E13AF007F19EB /* secoundViewController.swift */; };
		512C3332A51C66DC428653A7 /* Pods_Tips.framework in Frameworks */ = {isa = PBXBuildFile; fileRef = C5762BB5492E458589229FA4 /* Pods_Tips.framework */; };
/* End PBXBuildFile section */

/* Begin PBXFileReference section */
		4805A37A22A2582000849EF5 /* カジノマット-02.png */ = {isa = PBXFileReference; lastKnownFileType = image.png; path = "カジノマット-02.png"; sourceTree = "<group>"; };
		4805A37C22A2582D00849EF5 /* カジノマット-03.png */ = {isa = PBXFileReference; lastKnownFileType = image.png; path = "カジノマット-03.png"; sourceTree = "<group>"; };
		4805A37D22A2582D00849EF5 /* カジノマット_01.png */ = {isa = PBXFileReference; lastKnownFileType = image.png; path = "カジノマット_01.png"; sourceTree = "<group>"; };
		4805A38022A3B35100849EF5 /* DisplayTips.swift */ = {isa = PBXFileReference; lastKnownFileType = sourcecode.swift; path = DisplayTips.swift; sourceTree = "<group>"; };
		4805A38222A48B6B00849EF5 /* Tips-single.mp3 */ = {isa = PBXFileReference; lastKnownFileType = audio.mp3; path = "Tips-single.mp3"; sourceTree = "<group>"; };
		4805A38322A48B6C00849EF5 /* Tips_many.mp3 */ = {isa = PBXFileReference; lastKnownFileType = audio.mp3; path = Tips_many.mp3; sourceTree = "<group>"; };
		482F30D822A57E4E00090426 /* ThirdViewController.swift */ = {isa = PBXFileReference; lastKnownFileType = sourcecode.swift; path = ThirdViewController.swift; sourceTree = "<group>"; };
		482F30E022A7B05100090426 /* TipSlider.png */ = {isa = PBXFileReference; lastKnownFileType = image.png; path = TipSlider.png; sourceTree = "<group>"; };
		48387DFF22DC348100EE393A /* KONIO PORKER CLUB.png */ = {isa = PBXFileReference; lastKnownFileType = image.png; path = "KONIO PORKER CLUB.png"; sourceTree = "<group>"; };
		4857EC6C229AC616001877D6 /* Tips.app */ = {isa = PBXFileReference; explicitFileType = wrapper.application; includeInIndex = 0; path = Tips.app; sourceTree = BUILT_PRODUCTS_DIR; };
		4857EC6F229AC616001877D6 /* AppDelegate.swift */ = {isa = PBXFileReference; lastKnownFileType = sourcecode.swift; path = AppDelegate.swift; sourceTree = "<group>"; };
		4857EC71229AC616001877D6 /* ViewController.swift */ = {isa = PBXFileReference; lastKnownFileType = sourcecode.swift; path = ViewController.swift; sourceTree = "<group>"; };
		4857EC74229AC616001877D6 /* Base */ = {isa = PBXFileReference; lastKnownFileType = file.storyboard; name = Base; path = Base.lproj/Main.storyboard; sourceTree = "<group>"; };
		4857EC76229AC618001877D6 /* Assets.xcassets */ = {isa = PBXFileReference; lastKnownFileType = folder.assetcatalog; path = Assets.xcassets; sourceTree = "<group>"; };
		4857EC79229AC618001877D6 /* Base */ = {isa = PBXFileReference; lastKnownFileType = file.storyboard; name = Base; path = Base.lproj/LaunchScreen.storyboard; sourceTree = "<group>"; };
		4857EC7B229AC618001877D6 /* Info.plist */ = {isa = PBXFileReference; lastKnownFileType = text.plist.xml; path = Info.plist; sourceTree = "<group>"; };
		4857EC81229AC650001877D6 /* Tips_$50.png */ = {isa = PBXFileReference; lastKnownFileType = image.png; path = Tips_$50.png; sourceTree = "<group>"; };
		4857EC82229AC650001877D6 /* Tips_$25.png */ = {isa = PBXFileReference; lastKnownFileType = image.png; path = Tips_$25.png; sourceTree = "<group>"; };
		4857EC83229AC650001877D6 /* Tips_$100.png */ = {isa = PBXFileReference; lastKnownFileType = image.png; path = Tips_$100.png; sourceTree = "<group>"; };
		4883CD0322C7394E00F2DDA0 /* テーブルマット枠線-Yellow.png */ = {isa = PBXFileReference; lastKnownFileType = image.png; path = "テーブルマット枠線-Yellow.png"; sourceTree = "<group>"; };
		4883CD0422C7394F00F2DDA0 /* テーブルマット枠線-White.png */ = {isa = PBXFileReference; lastKnownFileType = image.png; path = "テーブルマット枠線-White.png"; sourceTree = "<group>"; };
		4883CD0522C7394F00F2DDA0 /* テーブルマット枠線-Red.png */ = {isa = PBXFileReference; lastKnownFileType = image.png; path = "テーブルマット枠線-Red.png"; sourceTree = "<group>"; };
		48D8C88322ACA98B0056CAB8 /* EntranceViewController.swift */ = {isa = PBXFileReference; lastKnownFileType = sourcecode.swift; path = EntranceViewController.swift; sourceTree = "<group>"; };
		48D8C88522ACA9D10056CAB8 /* Database.swift */ = {isa = PBXFileReference; lastKnownFileType = sourcecode.swift; path = Database.swift; sourceTree = "<group>"; };
		48D8C88722ADD2000056CAB8 /* PlayerTableViewCell.swift */ = {isa = PBXFileReference; lastKnownFileType = sourcecode.swift; path = PlayerTableViewCell.swift; sourceTree = "<group>"; };
		48DE1E1722ABCE06001FC4B8 /* カジノマット-04.png */ = {isa = PBXFileReference; lastKnownFileType = image.png; path = "カジノマット-04.png"; sourceTree = "<group>"; };
		48DE1E1922ABD678001FC4B8 /* ThumbSlider.png */ = {isa = PBXFileReference; lastKnownFileType = image.png; name = ThumbSlider.png; path = "../../../../Desktop/Tips素材/その他/ThumbSlider.png"; sourceTree = "<group>"; };
		48DE1E1D22ABD95B001FC4B8 /* FourthViewController.swift */ = {isa = PBXFileReference; lastKnownFileType = sourcecode.swift; path = FourthViewController.swift; sourceTree = "<group>"; };
		48FB965D229E13AF007F19EB /* secoundViewController.swift */ = {isa = PBXFileReference; lastKnownFileType = sourcecode.swift; path = secoundViewController.swift; sourceTree = "<group>"; };
		81BF196DAE2E0141D980E3C5 /* Pods-Tips.release.xcconfig */ = {isa = PBXFileReference; includeInIndex = 1; lastKnownFileType = text.xcconfig; name = "Pods-Tips.release.xcconfig"; path = "Target Support Files/Pods-Tips/Pods-Tips.release.xcconfig"; sourceTree = "<group>"; };
		C5762BB5492E458589229FA4 /* Pods_Tips.framework */ = {isa = PBXFileReference; explicitFileType = wrapper.framework; includeInIndex = 0; path = Pods_Tips.framework; sourceTree = BUILT_PRODUCTS_DIR; };
		D9BB1D09C5E66BB9E32BB256 /* Pods-Tips.debug.xcconfig */ = {isa = PBXFileReference; includeInIndex = 1; lastKnownFileType = text.xcconfig; name = "Pods-Tips.debug.xcconfig"; path = "Target Support Files/Pods-Tips/Pods-Tips.debug.xcconfig"; sourceTree = "<group>"; };
/* End PBXFileReference section */

/* Begin PBXFrameworksBuildPhase section */
		4857EC69229AC616001877D6 /* Frameworks */ = {
			isa = PBXFrameworksBuildPhase;
			buildActionMask = 2147483647;
			files = (
				512C3332A51C66DC428653A7 /* Pods_Tips.framework in Frameworks */,
			);
			runOnlyForDeploymentPostprocessing = 0;
		};
/* End PBXFrameworksBuildPhase section */

/* Begin PBXGroup section */
		4857EC63229AC616001877D6 = {
			isa = PBXGroup;
			children = (
				4857EC6E229AC616001877D6 /* Tips */,
				4857EC6D229AC616001877D6 /* Products */,
				D9BB35CCEAB2514466E185BD /* Pods */,
				8834CB0311180180C3E85F21 /* Frameworks */,
			);
			sourceTree = "<group>";
		};
		4857EC6D229AC616001877D6 /* Products */ = {
			isa = PBXGroup;
			children = (
				4857EC6C229AC616001877D6 /* Tips.app */,
			);
			name = Products;
			sourceTree = "<group>";
		};
		4857EC6E229AC616001877D6 /* Tips */ = {
			isa = PBXGroup;
			children = (
				4857EC6F229AC616001877D6 /* AppDelegate.swift */,
				4857EC71229AC616001877D6 /* ViewController.swift */,
				48FB965D229E13AF007F19EB /* secoundViewController.swift */,
				4805A38022A3B35100849EF5 /* DisplayTips.swift */,
				4857EC73229AC616001877D6 /* Main.storyboard */,
				48D8C88522ACA9D10056CAB8 /* Database.swift */,
				48D8C88722ADD2000056CAB8 /* PlayerTableViewCell.swift */,
				48D8C88322ACA98B0056CAB8 /* EntranceViewController.swift */,
				482F30D822A57E4E00090426 /* ThirdViewController.swift */,
				48DE1E1D22ABD95B001FC4B8 /* FourthViewController.swift */,
				4857EC82229AC650001877D6 /* Tips_$25.png */,
				4857EC81229AC650001877D6 /* Tips_$50.png */,
				4857EC83229AC650001877D6 /* Tips_$100.png */,
				48387DFF22DC348100EE393A /* KONIO PORKER CLUB.png */,
				4805A37D22A2582D00849EF5 /* カジノマット_01.png */,
				4805A37A22A2582000849EF5 /* カジノマット-02.png */,
				4805A37C22A2582D00849EF5 /* カジノマット-03.png */,
				48DE1E1722ABCE06001FC4B8 /* カジノマット-04.png */,
				4883CD0522C7394F00F2DDA0 /* テーブルマット枠線-Red.png */,
				4883CD0422C7394F00F2DDA0 /* テーブルマット枠線-White.png */,
				4883CD0322C7394E00F2DDA0 /* テーブルマット枠線-Yellow.png */,
				482F30E022A7B05100090426 /* TipSlider.png */,
				48DE1E1922ABD678001FC4B8 /* ThumbSlider.png */,
				4805A38322A48B6C00849EF5 /* Tips_many.mp3 */,
				4805A38222A48B6B00849EF5 /* Tips-single.mp3 */,
				4857EC76229AC618001877D6 /* Assets.xcassets */,
				4857EC78229AC618001877D6 /* LaunchScreen.storyboard */,
				4857EC7B229AC618001877D6 /* Info.plist */,
			);
			path = Tips;
			sourceTree = "<group>";
		};
		8834CB0311180180C3E85F21 /* Frameworks */ = {
			isa = PBXGroup;
			children = (
				C5762BB5492E458589229FA4 /* Pods_Tips.framework */,
			);
			name = Frameworks;
			sourceTree = "<group>";
		};
		D9BB35CCEAB2514466E185BD /* Pods */ = {
			isa = PBXGroup;
			children = (
				D9BB1D09C5E66BB9E32BB256 /* Pods-Tips.debug.xcconfig */,
				81BF196DAE2E0141D980E3C5 /* Pods-Tips.release.xcconfig */,
			);
			path = Pods;
			sourceTree = "<group>";
		};
/* End PBXGroup section */

/* Begin PBXNativeTarget section */
		4857EC6B229AC616001877D6 /* Tips */ = {
			isa = PBXNativeTarget;
			buildConfigurationList = 4857EC7E229AC618001877D6 /* Build configuration list for PBXNativeTarget "Tips" */;
			buildPhases = (
				AEA43749EEF9C533C103EAC9 /* [CP] Check Pods Manifest.lock */,
				4857EC68229AC616001877D6 /* Sources */,
				4857EC69229AC616001877D6 /* Frameworks */,
				4857EC6A229AC616001877D6 /* Resources */,
				207DCF7A4F297EEAB5C22E98 /* [CP] Embed Pods Frameworks */,
			);
			buildRules = (
			);
			dependencies = (
			);
			name = Tips;
			productName = Tips;
			productReference = 4857EC6C229AC616001877D6 /* Tips.app */;
			productType = "com.apple.product-type.application";
		};
/* End PBXNativeTarget section */

/* Begin PBXProject section */
		4857EC64229AC616001877D6 /* Project object */ = {
			isa = PBXProject;
			attributes = {
				LastSwiftUpdateCheck = 1020;
				LastUpgradeCheck = 1020;
				ORGANIZATIONNAME = "小西壮";
				TargetAttributes = {
					4857EC6B229AC616001877D6 = {
						CreatedOnToolsVersion = 10.2.1;
					};
				};
			};
			buildConfigurationList = 4857EC67229AC616001877D6 /* Build configuration list for PBXProject "Tips" */;
			compatibilityVersion = "Xcode 9.3";
			developmentRegion = en;
			hasScannedForEncodings = 0;
			knownRegions = (
				en,
				Base,
			);
			mainGroup = 4857EC63229AC616001877D6;
			productRefGroup = 4857EC6D229AC616001877D6 /* Products */;
			projectDirPath = "";
			projectRoot = "";
			targets = (
				4857EC6B229AC616001877D6 /* Tips */,
			);
		};
/* End PBXProject section */

/* Begin PBXResourcesBuildPhase section */
		4857EC6A229AC616001877D6 /* Resources */ = {
			isa = PBXResourcesBuildPhase;
			buildActionMask = 2147483647;
			files = (
				48DE1E1A22ABD678001FC4B8 /* ThumbSlider.png in Resources */,
				4857EC86229AC651001877D6 /* Tips_$100.png in Resources */,
				4857EC7A229AC618001877D6 /* LaunchScreen.storyboard in Resources */,
				4883CD0722C7394F00F2DDA0 /* テーブルマット枠線-White.png in Resources */,
				4883CD0622C7394F00F2DDA0 /* テーブルマット枠線-Yellow.png in Resources */,
				4857EC77229AC618001877D6 /* Assets.xcassets in Resources */,
				48DE1E1822ABCE06001FC4B8 /* カジノマット-04.png in Resources */,
				4805A38522A48B6C00849EF5 /* Tips_many.mp3 in Resources */,
				482F30E122A7B05300090426 /* TipSlider.png in Resources */,
				4805A37E22A2582D00849EF5 /* カジノマット-03.png in Resources */,
				4805A38422A48B6C00849EF5 /* Tips-single.mp3 in Resources */,
				4857EC75229AC616001877D6 /* Main.storyboard in Resources */,
				4805A37B22A2582000849EF5 /* カジノマット-02.png in Resources */,
				4857EC85229AC651001877D6 /* Tips_$25.png in Resources */,
				4883CD0822C7394F00F2DDA0 /* テーブルマット枠線-Red.png in Resources */,
				4805A37F22A2582D00849EF5 /* カジノマット_01.png in Resources */,
				4857EC84229AC651001877D6 /* Tips_$50.png in Resources */,
				48387E0022DC348100EE393A /* KONIO PORKER CLUB.png in Resources */,
			);
			runOnlyForDeploymentPostprocessing = 0;
		};
/* End PBXResourcesBuildPhase section */

/* Begin PBXShellScriptBuildPhase section */
		207DCF7A4F297EEAB5C22E98 /* [CP] Embed Pods Frameworks */ = {
			isa = PBXShellScriptBuildPhase;
			buildActionMask = 2147483647;
			files = (
			);
			inputFileListPaths = (
				"${PODS_ROOT}/Target Support Files/Pods-Tips/Pods-Tips-frameworks-${CONFIGURATION}-input-files.xcfilelist",
			);
			name = "[CP] Embed Pods Frameworks";
			outputFileListPaths = (
				"${PODS_ROOT}/Target Support Files/Pods-Tips/Pods-Tips-frameworks-${CONFIGURATION}-output-files.xcfilelist",
			);
			runOnlyForDeploymentPostprocessing = 0;
			shellPath = /bin/sh;
			shellScript = "\"${PODS_ROOT}/Target Support Files/Pods-Tips/Pods-Tips-frameworks.sh\"\n";
			showEnvVarsInLog = 0;
		};
		AEA43749EEF9C533C103EAC9 /* [CP] Check Pods Manifest.lock */ = {
			isa = PBXShellScriptBuildPhase;
			buildActionMask = 2147483647;
			files = (
			);
			inputFileListPaths = (
			);
			inputPaths = (
				"${PODS_PODFILE_DIR_PATH}/Podfile.lock",
				"${PODS_ROOT}/Manifest.lock",
			);
			name = "[CP] Check Pods Manifest.lock";
			outputFileListPaths = (
			);
			outputPaths = (
				"$(DERIVED_FILE_DIR)/Pods-Tips-checkManifestLockResult.txt",
			);
			runOnlyForDeploymentPostprocessing = 0;
			shellPath = /bin/sh;
			shellScript = "diff \"${PODS_PODFILE_DIR_PATH}/Podfile.lock\" \"${PODS_ROOT}/Manifest.lock\" > /dev/null\nif [ $? != 0 ] ; then\n    # print error to STDERR\n    echo \"error: The sandbox is not in sync with the Podfile.lock. Run 'pod install' or update your CocoaPods installation.\" >&2\n    exit 1\nfi\n# This output is used by Xcode 'outputs' to avoid re-running this script phase.\necho \"SUCCESS\" > \"${SCRIPT_OUTPUT_FILE_0}\"\n";
			showEnvVarsInLog = 0;
		};
/* End PBXShellScriptBuildPhase section */

/* Begin PBXSourcesBuildPhase section */
		4857EC68229AC616001877D6 /* Sources */ = {
			isa = PBXSourcesBuildPhase;
			buildActionMask = 2147483647;
			files = (
				48DE1E1E22ABD95B001FC4B8 /* FourthViewController.swift in Sources */,
				48FB965E229E13AF007F19EB /* secoundViewController.swift in Sources */,
				4857EC72229AC616001877D6 /* ViewController.swift in Sources */,
				482F30D922A57E4E00090426 /* ThirdViewController.swift in Sources */,
				48D8C88422ACA98B0056CAB8 /* EntranceViewController.swift in Sources */,
				4805A38122A3B35100849EF5 /* DisplayTips.swift in Sources */,
				48D8C88822ADD2000056CAB8 /* PlayerTableViewCell.swift in Sources */,
				48D8C88622ACA9D10056CAB8 /* Database.swift in Sources */,
				4857EC70229AC616001877D6 /* AppDelegate.swift in Sources */,
			);
			runOnlyForDeploymentPostprocessing = 0;
		};
/* End PBXSourcesBuildPhase section */

/* Begin PBXVariantGroup section */
		4857EC73229AC616001877D6 /* Main.storyboard */ = {
			isa = PBXVariantGroup;
			children = (
				4857EC74229AC616001877D6 /* Base */,
			);
			name = Main.storyboard;
			sourceTree = "<group>";
		};
		4857EC78229AC618001877D6 /* LaunchScreen.storyboard */ = {
			isa = PBXVariantGroup;
			children = (
				4857EC79229AC618001877D6 /* Base */,
			);
			name = LaunchScreen.storyboard;
			sourceTree = "<group>";
		};
/* End PBXVariantGroup section */

/* Begin XCBuildConfiguration section */
		4857EC7C229AC618001877D6 /* Debug */ = {
			isa = XCBuildConfiguration;
			buildSettings = {
				ALWAYS_SEARCH_USER_PATHS = NO;
				CLANG_ANALYZER_NONNULL = YES;
				CLANG_ANALYZER_NUMBER_OBJECT_CONVERSION = YES_AGGRESSIVE;
				CLANG_CXX_LANGUAGE_STANDARD = "gnu++14";
				CLANG_CXX_LIBRARY = "libc++";
				CLANG_ENABLE_MODULES = YES;
				CLANG_ENABLE_OBJC_ARC = YES;
				CLANG_ENABLE_OBJC_WEAK = YES;
				CLANG_WARN_BLOCK_CAPTURE_AUTORELEASING = YES;
				CLANG_WARN_BOOL_CONVERSION = YES;
				CLANG_WARN_COMMA = YES;
				CLANG_WARN_CONSTANT_CONVERSION = YES;
				CLANG_WARN_DEPRECATED_OBJC_IMPLEMENTATIONS = YES;
				CLANG_WARN_DIRECT_OBJC_ISA_USAGE = YES_ERROR;
				CLANG_WARN_DOCUMENTATION_COMMENTS = YES;
				CLANG_WARN_EMPTY_BODY = YES;
				CLANG_WARN_ENUM_CONVERSION = YES;
				CLANG_WARN_INFINITE_RECURSION = YES;
				CLANG_WARN_INT_CONVERSION = YES;
				CLANG_WARN_NON_LITERAL_NULL_CONVERSION = YES;
				CLANG_WARN_OBJC_IMPLICIT_RETAIN_SELF = YES;
				CLANG_WARN_OBJC_LITERAL_CONVERSION = YES;
				CLANG_WARN_OBJC_ROOT_CLASS = YES_ERROR;
				CLANG_WARN_RANGE_LOOP_ANALYSIS = YES;
				CLANG_WARN_STRICT_PROTOTYPES = YES;
				CLANG_WARN_SUSPICIOUS_MOVE = YES;
				CLANG_WARN_UNGUARDED_AVAILABILITY = YES_AGGRESSIVE;
				CLANG_WARN_UNREACHABLE_CODE = YES;
				CLANG_WARN__DUPLICATE_METHOD_MATCH = YES;
				CODE_SIGN_IDENTITY = "iPhone Developer";
				COPY_PHASE_STRIP = NO;
				DEBUG_INFORMATION_FORMAT = dwarf;
				ENABLE_STRICT_OBJC_MSGSEND = YES;
				ENABLE_TESTABILITY = YES;
				GCC_C_LANGUAGE_STANDARD = gnu11;
				GCC_DYNAMIC_NO_PIC = NO;
				GCC_NO_COMMON_BLOCKS = YES;
				GCC_OPTIMIZATION_LEVEL = 0;
				GCC_PREPROCESSOR_DEFINITIONS = (
					"DEBUG=1",
					"$(inherited)",
				);
				GCC_WARN_64_TO_32_BIT_CONVERSION = YES;
				GCC_WARN_ABOUT_RETURN_TYPE = YES_ERROR;
				GCC_WARN_UNDECLARED_SELECTOR = YES;
				GCC_WARN_UNINITIALIZED_AUTOS = YES_AGGRESSIVE;
				GCC_WARN_UNUSED_FUNCTION = YES;
				GCC_WARN_UNUSED_VARIABLE = YES;
				IPHONEOS_DEPLOYMENT_TARGET = 12.2;
				MTL_ENABLE_DEBUG_INFO = INCLUDE_SOURCE;
				MTL_FAST_MATH = YES;
				ONLY_ACTIVE_ARCH = YES;
				SDKROOT = iphoneos;
				SWIFT_ACTIVE_COMPILATION_CONDITIONS = DEBUG;
				SWIFT_OPTIMIZATION_LEVEL = "-Onone";
			};
			name = Debug;
		};
		4857EC7D229AC618001877D6 /* Release */ = {
			isa = XCBuildConfiguration;
			buildSettings = {
				ALWAYS_SEARCH_USER_PATHS = NO;
				CLANG_ANALYZER_NONNULL = YES;
				CLANG_ANALYZER_NUMBER_OBJECT_CONVERSION = YES_AGGRESSIVE;
				CLANG_CXX_LANGUAGE_STANDARD = "gnu++14";
				CLANG_CXX_LIBRARY = "libc++";
				CLANG_ENABLE_MODULES = YES;
				CLANG_ENABLE_OBJC_ARC = YES;
				CLANG_ENABLE_OBJC_WEAK = YES;
				CLANG_WARN_BLOCK_CAPTURE_AUTORELEASING = YES;
				CLANG_WARN_BOOL_CONVERSION = YES;
				CLANG_WARN_COMMA = YES;
				CLANG_WARN_CONSTANT_CONVERSION = YES;
				CLANG_WARN_DEPRECATED_OBJC_IMPLEMENTATIONS = YES;
				CLANG_WARN_DIRECT_OBJC_ISA_USAGE = YES_ERROR;
				CLANG_WARN_DOCUMENTATION_COMMENTS = YES;
				CLANG_WARN_EMPTY_BODY = YES;
				CLANG_WARN_ENUM_CONVERSION = YES;
				CLANG_WARN_INFINITE_RECURSION = YES;
				CLANG_WARN_INT_CONVERSION = YES;
				CLANG_WARN_NON_LITERAL_NULL_CONVERSION = YES;
				CLANG_WARN_OBJC_IMPLICIT_RETAIN_SELF = YES;
				CLANG_WARN_OBJC_LITERAL_CONVERSION = YES;
				CLANG_WARN_OBJC_ROOT_CLASS = YES_ERROR;
				CLANG_WARN_RANGE_LOOP_ANALYSIS = YES;
				CLANG_WARN_STRICT_PROTOTYPES = YES;
				CLANG_WARN_SUSPICIOUS_MOVE = YES;
				CLANG_WARN_UNGUARDED_AVAILABILITY = YES_AGGRESSIVE;
				CLANG_WARN_UNREACHABLE_CODE = YES;
				CLANG_WARN__DUPLICATE_METHOD_MATCH = YES;
				CODE_SIGN_IDENTITY = "iPhone Developer";
				COPY_PHASE_STRIP = NO;
				DEBUG_INFORMATION_FORMAT = "dwarf-with-dsym";
				ENABLE_NS_ASSERTIONS = NO;
				ENABLE_STRICT_OBJC_MSGSEND = YES;
				GCC_C_LANGUAGE_STANDARD = gnu11;
				GCC_NO_COMMON_BLOCKS = YES;
				GCC_WARN_64_TO_32_BIT_CONVERSION = YES;
				GCC_WARN_ABOUT_RETURN_TYPE = YES_ERROR;
				GCC_WARN_UNDECLARED_SELECTOR = YES;
				GCC_WARN_UNINITIALIZED_AUTOS = YES_AGGRESSIVE;
				GCC_WARN_UNUSED_FUNCTION = YES;
				GCC_WARN_UNUSED_VARIABLE = YES;
				IPHONEOS_DEPLOYMENT_TARGET = 12.2;
				MTL_ENABLE_DEBUG_INFO = NO;
				MTL_FAST_MATH = YES;
				SDKROOT = iphoneos;
				SWIFT_COMPILATION_MODE = wholemodule;
				SWIFT_OPTIMIZATION_LEVEL = "-O";
				VALIDATE_PRODUCT = YES;
			};
			name = Release;
		};
		4857EC7F229AC618001877D6 /* Debug */ = {
			isa = XCBuildConfiguration;
			baseConfigurationReference = D9BB1D09C5E66BB9E32BB256 /* Pods-Tips.debug.xcconfig */;
			buildSettings = {
				ASSETCATALOG_COMPILER_APPICON_NAME = AppIcon;
				CODE_SIGN_STYLE = Automatic;
				DEVELOPMENT_TEAM = Q9XTVNPMDU;
				INFOPLIST_FILE = Tips/Info.plist;
				LD_RUNPATH_SEARCH_PATHS = (
					"$(inherited)",
					"@executable_path/Frameworks",
				);
				PRODUCT_BUNDLE_IDENTIFIER = com.konio.Tips;
				PRODUCT_NAME = "$(TARGET_NAME)";
				SWIFT_VERSION = 5.0;
				TARGETED_DEVICE_FAMILY = "1,2";
			};
			name = Debug;
		};
		4857EC80229AC618001877D6 /* Release */ = {
			isa = XCBuildConfiguration;
			baseConfigurationReference = 81BF196DAE2E0141D980E3C5 /* Pods-Tips.release.xcconfig */;
			buildSettings = {
				ASSETCATALOG_COMPILER_APPICON_NAME = AppIcon;
				CODE_SIGN_STYLE = Automatic;
				DEVELOPMENT_TEAM = Q9XTVNPMDU;
				INFOPLIST_FILE = Tips/Info.plist;
				LD_RUNPATH_SEARCH_PATHS = (
					"$(inherited)",
					"@executable_path/Frameworks",
				);
				PRODUCT_BUNDLE_IDENTIFIER = com.konio.Tips;
				PRODUCT_NAME = "$(TARGET_NAME)";
				SWIFT_VERSION = 5.0;
				TARGETED_DEVICE_FAMILY = "1,2";
			};
			name = Release;
		};
/* End XCBuildConfiguration section */

/* Begin XCConfigurationList section */
		4857EC67229AC616001877D6 /* Build configuration list for PBXProject "Tips" */ = {
			isa = XCConfigurationList;
			buildConfigurations = (
				4857EC7C229AC618001877D6 /* Debug */,
				4857EC7D229AC618001877D6 /* Release */,
			);
			defaultConfigurationIsVisible = 0;
			defaultConfigurationName = Release;
		};
		4857EC7E229AC618001877D6 /* Build configuration list for PBXNativeTarget "Tips" */ = {
			isa = XCConfigurationList;
			buildConfigurations = (
				4857EC7F229AC618001877D6 /* Debug */,
				4857EC80229AC618001877D6 /* Release */,
			);
			defaultConfigurationIsVisible = 0;
			defaultConfigurationName = Release;
		};
/* End XCConfigurationList section */
	};
	rootObject = 4857EC64229AC616001877D6 /* Project object */;
}
